
Microsoft Visual Studio Solution File, Format Version 12.00
# Visual Studio 14
VisualStudioVersion = 14.0.23107.0
MinimumVisualStudioVersion = 10.0.40219.1
Project("{FAE04EC0-301F-11D3-BF4B-00C04F79EFBC}") = "BoggleConsole", "BoggleConsole\BoggleConsole.csproj", "{78496C00-05EF-4E7C-B863-0E8B7EDB88C3}"
EndProject
Project("{FAE04EC0-301F-11D3-BF4B-00C04F79EFBC}") = "BoggleLibrary", "BoggleLibrary\BoggleLibrary.csproj", "{4524D7C2-493F-4954-81BC-9DA036587731}"
EndProject
Project("{2150E333-8FDC-42A3-9474-1A3956D46DE8}") = "Solution Items", "Solution Items", "{07B634BD-5149-48C9-982B-7BC01554F7EC}"
	ProjectSection(SolutionItems) = preProject
		README.md = README.md
	EndProjectSection
EndProject
Global
	GlobalSection(SolutionConfigurationPlatforms) = preSolution
		Debug|Any CPU = Debug|Any CPU
		Release|Any CPU = Release|Any CPU
	EndGlobalSection
	GlobalSection(ProjectConfigurationPlatforms) = postSolution
		{78496C00-05EF-4E7C-B863-0E8B7EDB88C3}.Debug|Any CPU.ActiveCfg = Debug|Any CPU
		{78496C00-05EF-4E7C-B863-0E8B7EDB88C3}.Debug|Any CPU.Build.0 = Debug|Any CPU
		{78496C00-05EF-4E7C-B863-0E8B7EDB88C3}.Release|Any CPU.ActiveCfg = Release|Any CPU
		{78496C00-05EF-4E7C-B863-0E8B7EDB88C3}.Release|Any CPU.Build.0 = Release|Any CPU
		{4524D7C2-493F-4954-81BC-9DA036587731}.Debug|Any CPU.ActiveCfg = Debug|Any CPU
		{4524D7C2-493F-4954-81BC-9DA036587731}.Debug|Any CPU.Build.0 = Debug|Any CPU
		{4524D7C2-493F-4954-81BC-9DA036587731}.Release|Any CPU.ActiveCfg = Release|Any CPU
		{4524D7C2-493F-4954-81BC-9DA036587731}.Release|Any CPU.Build.0 = Release|Any CPU
	EndGlobalSection
	GlobalSection(SolutionProperties) = preSolution
		HideSolutionNode = FALSE
	EndGlobalSection
	GlobalSection(SubversionScc) = preSolution
		Svn-Managed = True
		Manager = AnkhSVN - Subversion Support for Visual Studio
	EndGlobalSection
EndGlobal
